
Microsoft Visual Studio Solution File, Format Version 12.00
# Visual Studio Version 17
VisualStudioVersion = 17.0.31903.59
MinimumVisualStudioVersion = 10.0.40219.1
Project("{FAE04EC0-301F-11D3-BF4B-00C04F79EFBC}") = "vending machine", "vending machine\vending machine.csproj", "{C5CE0BE9-FD4D-44A5-8AC1-98A7A14C806D}"
EndProject
Global
	GlobalSection(SolutionConfigurationPlatforms) = preSolution
		Debug|Any CPU = Debug|Any CPU
		Debug|x64 = Debug|x64
		Debug|x86 = Debug|x86
		Release|Any CPU = Release|Any CPU
		Release|x64 = Release|x64
		Release|x86 = Release|x86
	EndGlobalSection
	GlobalSection(ProjectConfigurationPlatforms) = postSolution
		{C5CE0BE9-FD4D-44A5-8AC1-98A7A14C806D}.Debug|Any CPU.ActiveCfg = Debug|Any CPU
		{C5CE0BE9-FD4D-44A5-8AC1-98A7A14C806D}.Debug|Any CPU.Build.0 = Debug|Any CPU
		{C5CE0BE9-FD4D-44A5-8AC1-98A7A14C806D}.Debug|x64.ActiveCfg = Debug|Any CPU
		{C5CE0BE9-FD4D-44A5-8AC1-98A7A14C806D}.Debug|x64.Build.0 = Debug|Any CPU
		{C5CE0BE9-FD4D-44A5-8AC1-98A7A14C806D}.Debug|x86.ActiveCfg = Debug|Any CPU
		{C5CE0BE9-FD4D-44A5-8AC1-98A7A14C806D}.Debug|x86.Build.0 = Debug|Any CPU
		{C5CE0BE9-FD4D-44A5-8AC1-98A7A14C806D}.Release|Any CPU.ActiveCfg = Release|Any CPU
		{C5CE0BE9-FD4D-44A5-8AC1-98A7A14C806D}.Release|Any CPU.Build.0 = Release|Any CPU
		{C5CE0BE9-FD4D-44A5-8AC1-98A7A14C806D}.Release|x64.ActiveCfg = Release|Any CPU
		{C5CE0BE9-FD4D-44A5-8AC1-98A7A14C806D}.Release|x64.Build.0 = Release|Any CPU
		{C5CE0BE9-FD4D-44A5-8AC1-98A7A14C806D}.Release|x86.ActiveCfg = Release|Any CPU
		{C5CE0BE9-FD4D-44A5-8AC1-98A7A14C806D}.Release|x86.Build.0 = Release|Any CPU
	EndGlobalSection
	GlobalSection(SolutionProperties) = preSolution
		HideSolutionNode = FALSE
	EndGlobalSection
EndGlobal
